
Microsoft Visual Studio Solution File, Format Version 12.00
# Visual Studio Version 17
VisualStudioVersion = 17.2.32526.322
MinimumVisualStudioVersion = 10.0.40219.1
Project("{FAE04EC0-301F-11D3-BF4B-00C04F79EFBC}") = "portfolio generator", "portfolio generator.csproj", "{7FE3CC7B-A942-40DA-B434-3F67A3DDF55A}"
EndProject
Global
	GlobalSection(SolutionConfigurationPlatforms) = preSolution
		Debug|Any CPU = Debug|Any CPU
		Release|Any CPU = Release|Any CPU
	EndGlobalSection
	GlobalSection(ProjectConfigurationPlatforms) = postSolution
		{7FE3CC7B-A942-40DA-B434-3F67A3DDF55A}.Debug|Any CPU.ActiveCfg = Debug|Any CPU
		{7FE3CC7B-A942-40DA-B434-3F67A3DDF55A}.Debug|Any CPU.Build.0 = Debug|Any CPU
		{7FE3CC7B-A942-40DA-B434-3F67A3DDF55A}.Release|Any CPU.ActiveCfg = Release|Any CPU
		{7FE3CC7B-A942-40DA-B434-3F67A3DDF55A}.Release|Any CPU.Build.0 = Release|Any CPU
	EndGlobalSection
	GlobalSection(SolutionProperties) = preSolution
		HideSolutionNode = FALSE
	EndGlobalSection
	GlobalSection(ExtensibilityGlobals) = postSolution
		SolutionGuid = {B5A18E2A-E933-41A9-93BA-BC75E84FA0F4}
	EndGlobalSection
EndGlobal
